
Microsoft Visual Studio Solution File, Format Version 12.00
# Visual Studio Version 16
VisualStudioVersion = 16.0.29009.5
MinimumVisualStudioVersion = 10.0.40219.1
Project("{9A19103F-16F7-4668-BE54-9A1E7A4F7556}") = "CosmosDb.Gremlin.WebApi", "CosmosDb.Gremlin.WebApi\CosmosDb.Gremlin.WebApi.csproj", "{DBAB2BE6-8637-4A9E-9136-488A3208F220}"
EndProject
Project("{9A19103F-16F7-4668-BE54-9A1E7A4F7556}") = "CosmosDb.Gremlin.Core", "CosmosDb.Gremlin.Core\CosmosDb.Gremlin.Core.csproj", "{AF23E80C-CF0A-49EC-B623-C9D191015240}"
EndProject
Project("{9A19103F-16F7-4668-BE54-9A1E7A4F7556}") = "CosmosDb.Gremlin.Domain.Tests", "CosmosDb.Gremlin.Tests\CosmosDb.Gremlin.Domain.Tests.csproj", "{E3AE0CC7-B26C-435F-8688-C2CC49A18FCC}"
EndProject
Project("{9A19103F-16F7-4668-BE54-9A1E7A4F7556}") = "CosmosDb.Gremlin.Domain", "CosmosDb.Gremlin.Domain\CosmosDb.Gremlin.Domain.csproj", "{AEA10317-3445-4E5D-A808-1B8846E01730}"
EndProject
Project("{FAE04EC0-301F-11D3-BF4B-00C04F79EFBC}") = "CosmosDb.Gremlin.ScriptRunner", "CosmosDb.Gremlin.ScriptRunner\CosmosDb.Gremlin.ScriptRunner.csproj", "{38814C81-C5EB-45E2-9698-25C04EF36314}"
EndProject
Project("{FAE04EC0-301F-11D3-BF4B-00C04F79EFBC}") = "CosmosDb.Gremlin.Data", "CosmosDb.Gremlin.Data\CosmosDb.Gremlin.Data.csproj", "{00BF8C4A-E0A7-4307-9C6C-9ACAABE1D001}"
EndProject
Project("{FAE04EC0-301F-11D3-BF4B-00C04F79EFBC}") = "CosmosDb.Gremlin.Data.Tests", "CosmosDb.Gremlin.Data.Tests\CosmosDb.Gremlin.Data.Tests.csproj", "{CF00822A-A8F6-413D-BBA0-B4EF739D11D3}"
EndProject
Global
	GlobalSection(SolutionConfigurationPlatforms) = preSolution
		Debug|Any CPU = Debug|Any CPU
		Release|Any CPU = Release|Any CPU
	EndGlobalSection
	GlobalSection(ProjectConfigurationPlatforms) = postSolution
		{DBAB2BE6-8637-4A9E-9136-488A3208F220}.Debug|Any CPU.ActiveCfg = Debug|Any CPU
		{DBAB2BE6-8637-4A9E-9136-488A3208F220}.Debug|Any CPU.Build.0 = Debug|Any CPU
		{DBAB2BE6-8637-4A9E-9136-488A3208F220}.Release|Any CPU.ActiveCfg = Release|Any CPU
		{DBAB2BE6-8637-4A9E-9136-488A3208F220}.Release|Any CPU.Build.0 = Release|Any CPU
		{AF23E80C-CF0A-49EC-B623-C9D191015240}.Debug|Any CPU.ActiveCfg = Debug|Any CPU
		{AF23E80C-CF0A-49EC-B623-C9D191015240}.Debug|Any CPU.Build.0 = Debug|Any CPU
		{AF23E80C-CF0A-49EC-B623-C9D191015240}.Release|Any CPU.ActiveCfg = Release|Any CPU
		{AF23E80C-CF0A-49EC-B623-C9D191015240}.Release|Any CPU.Build.0 = Release|Any CPU
		{E3AE0CC7-B26C-435F-8688-C2CC49A18FCC}.Debug|Any CPU.ActiveCfg = Debug|Any CPU
		{E3AE0CC7-B26C-435F-8688-C2CC49A18FCC}.Debug|Any CPU.Build.0 = Debug|Any CPU
		{E3AE0CC7-B26C-435F-8688-C2CC49A18FCC}.Release|Any CPU.ActiveCfg = Release|Any CPU
		{E3AE0CC7-B26C-435F-8688-C2CC49A18FCC}.Release|Any CPU.Build.0 = Release|Any CPU
		{AEA10317-3445-4E5D-A808-1B8846E01730}.Debug|Any CPU.ActiveCfg = Debug|Any CPU
		{AEA10317-3445-4E5D-A808-1B8846E01730}.Debug|Any CPU.Build.0 = Debug|Any CPU
		{AEA10317-3445-4E5D-A808-1B8846E01730}.Release|Any CPU.ActiveCfg = Release|Any CPU
		{AEA10317-3445-4E5D-A808-1B8846E01730}.Release|Any CPU.Build.0 = Release|Any CPU
		{38814C81-C5EB-45E2-9698-25C04EF36314}.Debug|Any CPU.ActiveCfg = Debug|Any CPU
		{38814C81-C5EB-45E2-9698-25C04EF36314}.Debug|Any CPU.Build.0 = Debug|Any CPU
		{38814C81-C5EB-45E2-9698-25C04EF36314}.Release|Any CPU.ActiveCfg = Release|Any CPU
		{38814C81-C5EB-45E2-9698-25C04EF36314}.Release|Any CPU.Build.0 = Release|Any CPU
		{00BF8C4A-E0A7-4307-9C6C-9ACAABE1D001}.Debug|Any CPU.ActiveCfg = Debug|Any CPU
		{00BF8C4A-E0A7-4307-9C6C-9ACAABE1D001}.Debug|Any CPU.Build.0 = Debug|Any CPU
		{00BF8C4A-E0A7-4307-9C6C-9ACAABE1D001}.Release|Any CPU.ActiveCfg = Release|Any CPU
		{00BF8C4A-E0A7-4307-9C6C-9ACAABE1D001}.Release|Any CPU.Build.0 = Release|Any CPU
		{CF00822A-A8F6-413D-BBA0-B4EF739D11D3}.Debug|Any CPU.ActiveCfg = Debug|Any CPU
		{CF00822A-A8F6-413D-BBA0-B4EF739D11D3}.Debug|Any CPU.Build.0 = Debug|Any CPU
		{CF00822A-A8F6-413D-BBA0-B4EF739D11D3}.Release|Any CPU.ActiveCfg = Release|Any CPU
		{CF00822A-A8F6-413D-BBA0-B4EF739D11D3}.Release|Any CPU.Build.0 = Release|Any CPU
	EndGlobalSection
	GlobalSection(SolutionProperties) = preSolution
		HideSolutionNode = FALSE
	EndGlobalSection
	GlobalSection(ExtensibilityGlobals) = postSolution
		SolutionGuid = {0211CE09-6F9A-47A1-B4B1-43C9681C442F}
	EndGlobalSection
EndGlobal
